
Microsoft Visual Studio Solution File, Format Version 12.00
# Visual Studio Version 16
VisualStudioVersion = 16.0.30406.217
MinimumVisualStudioVersion = 10.0.40219.1
Project("{FAE04EC0-301F-11D3-BF4B-00C04F79EFBC}") = "Data", "Data\Data.csproj", "{A189D525-714C-4414-855F-6ACDDC03CABB}"
EndProject
Project("{FAE04EC0-301F-11D3-BF4B-00C04F79EFBC}") = "PollManager", "PollManager\PollManager.csproj", "{6CD0EDC1-2432-468D-BA97-5B5FB14ECEEE}"
EndProject
Project("{FAE04EC0-301F-11D3-BF4B-00C04F79EFBC}") = "PollParticipant", "PollParticipant\PollParticipant.csproj", "{0D8D5621-60BD-4ACB-9747-D7784AD435DF}"
EndProject
Global
	GlobalSection(SolutionConfigurationPlatforms) = preSolution
		Debug|Any CPU = Debug|Any CPU
		Release|Any CPU = Release|Any CPU
	EndGlobalSection
	GlobalSection(ProjectConfigurationPlatforms) = postSolution
		{A189D525-714C-4414-855F-6ACDDC03CABB}.Debug|Any CPU.ActiveCfg = Debug|Any CPU
		{A189D525-714C-4414-855F-6ACDDC03CABB}.Debug|Any CPU.Build.0 = Debug|Any CPU
		{A189D525-714C-4414-855F-6ACDDC03CABB}.Release|Any CPU.ActiveCfg = Release|Any CPU
		{A189D525-714C-4414-855F-6ACDDC03CABB}.Release|Any CPU.Build.0 = Release|Any CPU
		{6CD0EDC1-2432-468D-BA97-5B5FB14ECEEE}.Debug|Any CPU.ActiveCfg = Debug|Any CPU
		{6CD0EDC1-2432-468D-BA97-5B5FB14ECEEE}.Debug|Any CPU.Build.0 = Debug|Any CPU
		{6CD0EDC1-2432-468D-BA97-5B5FB14ECEEE}.Release|Any CPU.ActiveCfg = Release|Any CPU
		{6CD0EDC1-2432-468D-BA97-5B5FB14ECEEE}.Release|Any CPU.Build.0 = Release|Any CPU
		{0D8D5621-60BD-4ACB-9747-D7784AD435DF}.Debug|Any CPU.ActiveCfg = Debug|Any CPU
		{0D8D5621-60BD-4ACB-9747-D7784AD435DF}.Debug|Any CPU.Build.0 = Debug|Any CPU
		{0D8D5621-60BD-4ACB-9747-D7784AD435DF}.Release|Any CPU.ActiveCfg = Release|Any CPU
		{0D8D5621-60BD-4ACB-9747-D7784AD435DF}.Release|Any CPU.Build.0 = Release|Any CPU
	EndGlobalSection
	GlobalSection(SolutionProperties) = preSolution
		HideSolutionNode = FALSE
	EndGlobalSection
	GlobalSection(ExtensibilityGlobals) = postSolution
		SolutionGuid = {4C80D10A-1496-412D-82F1-6C47C63253F0}
	EndGlobalSection
EndGlobal
